
Microsoft Visual Studio Solution File, Format Version 12.00
# Visual Studio Version 17
VisualStudioVersion = 17.5.002.0
MinimumVisualStudioVersion = 10.0.40219.1
Project("{9A19103F-16F7-4668-BE54-9A1E7A4F7556}") = "MpmProjectDotNet", "MpmProjectDotNet.csproj", "{1DD4934F-4823-4BC5-B8CC-8EBDA0C5DCBC}"
EndProject
Global
	GlobalSection(SolutionConfigurationPlatforms) = preSolution
		Debug|Any CPU = Debug|Any CPU
		Release|Any CPU = Release|Any CPU
	EndGlobalSection
	GlobalSection(ProjectConfigurationPlatforms) = postSolution
		{1DD4934F-4823-4BC5-B8CC-8EBDA0C5DCBC}.Debug|Any CPU.ActiveCfg = Debug|Any CPU
		{1DD4934F-4823-4BC5-B8CC-8EBDA0C5DCBC}.Debug|Any CPU.Build.0 = Debug|Any CPU
		{1DD4934F-4823-4BC5-B8CC-8EBDA0C5DCBC}.Release|Any CPU.ActiveCfg = Release|Any CPU
		{1DD4934F-4823-4BC5-B8CC-8EBDA0C5DCBC}.Release|Any CPU.Build.0 = Release|Any CPU
	EndGlobalSection
	GlobalSection(SolutionProperties) = preSolution
		HideSolutionNode = FALSE
	EndGlobalSection
	GlobalSection(ExtensibilityGlobals) = postSolution
		SolutionGuid = {2BC072B1-F8E2-4409-8BA6-000241511C21}
	EndGlobalSection
EndGlobal
